
Microsoft Visual Studio Solution File, Format Version 12.00
# Visual Studio Version 16
VisualStudioVersion = 16.0.30413.136
MinimumVisualStudioVersion = 10.0.40219.1
Project("{FAE04EC0-301F-11D3-BF4B-00C04F79EFBC}") = "DoublyLinkedList", "LinkedList\DoublyLinkedList.csproj", "{7976E12A-D931-4545-8BEE-610C17DEFB6F}"
EndProject
Global
	GlobalSection(SolutionConfigurationPlatforms) = preSolution
		Debug|Any CPU = Debug|Any CPU
		Release|Any CPU = Release|Any CPU
	EndGlobalSection
	GlobalSection(ProjectConfigurationPlatforms) = postSolution
		{7976E12A-D931-4545-8BEE-610C17DEFB6F}.Debug|Any CPU.ActiveCfg = Debug|Any CPU
		{7976E12A-D931-4545-8BEE-610C17DEFB6F}.Debug|Any CPU.Build.0 = Debug|Any CPU
		{7976E12A-D931-4545-8BEE-610C17DEFB6F}.Release|Any CPU.ActiveCfg = Release|Any CPU
		{7976E12A-D931-4545-8BEE-610C17DEFB6F}.Release|Any CPU.Build.0 = Release|Any CPU
	EndGlobalSection
	GlobalSection(SolutionProperties) = preSolution
		HideSolutionNode = FALSE
	EndGlobalSection
	GlobalSection(ExtensibilityGlobals) = postSolution
		SolutionGuid = {591E6949-8F8F-4F16-A653-42587FD4A8BC}
	EndGlobalSection
EndGlobal
